// !$*UTF8*$!
{
	archiveVersion = 1;
	classes = {
	};
	objectVersion = 56;
	objects = {

/* Begin PBXBuildFile section */
		013428B72C34972500D67EB4 /* Landmark.swift in Sources */ = {isa = PBXBuildFile; fileRef = 013428B62C34972500D67EB4 /* Landmark.swift */; };
		013428B92C34976600D67EB4 /* ModelData.swift in Sources */ = {isa = PBXBuildFile; fileRef = 013428B82C34976600D67EB4 /* ModelData.swift */; };
		013428BB2C3497E600D67EB4 /* LandmarkRow.swift in Sources */ = {isa = PBXBuildFile; fileRef = 013428BA2C3497E600D67EB4 /* LandmarkRow.swift */; };
		013428BD2C34992900D67EB4 /* LandmarkList.swift in Sources */ = {isa = PBXBuildFile; fileRef = 013428BC2C34992900D67EB4 /* LandmarkList.swift */; };
		017992682C35F425004DDE76 /* landmarkData.json in Resources */ = {isa = PBXBuildFile; fileRef = 017992662C35F32C004DDE76 /* landmarkData.json */; };
		0179926A2C35F886004DDE76 /* FavoriteButton.swift in Sources */ = {isa = PBXBuildFile; fileRef = 017992692C35F886004DDE76 /* FavoriteButton.swift */; };
		0179926D2C35F9BA004DDE76 /* LandmarkDetail.swift in Sources */ = {isa = PBXBuildFile; fileRef = 013428BE2C349A4300D67EB4 /* LandmarkDetail.swift */; };
		017BA9C72C2DE3F5006E2721 /* Landmark_ModelApp.swift in Sources */ = {isa = PBXBuildFile; fileRef = 017BA9C62C2DE3F5006E2721 /* Landmark_ModelApp.swift */; };
		017BA9C92C2DE3F5006E2721 /* ContentView.swift in Sources */ = {isa = PBXBuildFile; fileRef = 017BA9C82C2DE3F5006E2721 /* ContentView.swift */; };
		017BA9CB2C2DE3F6006E2721 /* Assets.xcassets in Resources */ = {isa = PBXBuildFile; fileRef = 017BA9CA2C2DE3F6006E2721 /* Assets.xcassets */; };
		017BA9CE2C2DE3F6006E2721 /* Preview Assets.xcassets in Resources */ = {isa = PBXBuildFile; fileRef = 017BA9CD2C2DE3F6006E2721 /* Preview Assets.xcassets */; };
		017BA9E52C2DE61A006E2721 /* icybay@2x.jpg in Resources */ = {isa = PBXBuildFile; fileRef = 017BA9DA2C2DE61A006E2721 /* icybay@2x.jpg */; };
		017BA9E62C2DE61A006E2721 /* chincoteague@2x.jpg in Resources */ = {isa = PBXBuildFile; fileRef = 017BA9DB2C2DE61A006E2721 /* chincoteague@2x.jpg */; };
		017BA9E72C2DE61A006E2721 /* silversalmoncreek@2x.jpg in Resources */ = {isa = PBXBuildFile; fileRef = 017BA9DC2C2DE61A006E2721 /* silversalmoncreek@2x.jpg */; };
		017BA9E82C2DE61A006E2721 /* umbagog@2x.jpg in Resources */ = {isa = PBXBuildFile; fileRef = 017BA9DD2C2DE61A006E2721 /* umbagog@2x.jpg */; };
		017BA9E92C2DE61A006E2721 /* chilkoottrail@2x.jpg in Resources */ = {isa = PBXBuildFile; fileRef = 017BA9DE2C2DE61A006E2721 /* chilkoottrail@2x.jpg */; };
		017BA9EA2C2DE61A006E2721 /* lakemcdonald@2x.jpg in Resources */ = {isa = PBXBuildFile; fileRef = 017BA9DF2C2DE61A006E2721 /* lakemcdonald@2x.jpg */; };
		017BA9EB2C2DE61A006E2721 /* hiddenlake@2x.jpg in Resources */ = {isa = PBXBuildFile; fileRef = 017BA9E02C2DE61A006E2721 /* hiddenlake@2x.jpg */; };
		017BA9EC2C2DE61A006E2721 /* charleyrivers@2x.jpg in Resources */ = {isa = PBXBuildFile; fileRef = 017BA9E12C2DE61A006E2721 /* charleyrivers@2x.jpg */; };
		017BA9ED2C2DE61A006E2721 /* twinlake@2x.jpg in Resources */ = {isa = PBXBuildFile; fileRef = 017BA9E22C2DE61A006E2721 /* twinlake@2x.jpg */; };
		017BA9EE2C2DE61A006E2721 /* rainbowlake@2x.jpg in Resources */ = {isa = PBXBuildFile; fileRef = 017BA9E32C2DE61A006E2721 /* rainbowlake@2x.jpg */; };
		017BA9EF2C2DE61A006E2721 /* stmarylake@2x.jpg in Resources */ = {isa = PBXBuildFile; fileRef = 017BA9E42C2DE61A006E2721 /* stmarylake@2x.jpg */; };
		017BA9F32C33440A006E2721 /* turtlerock@2x.jpg in Resources */ = {isa = PBXBuildFile; fileRef = 017BA9F22C33440A006E2721 /* turtlerock@2x.jpg */; };
		017BA9F52C334443006E2721 /* CircleImage.swift in Sources */ = {isa = PBXBuildFile; fileRef = 017BA9F42C334443006E2721 /* CircleImage.swift */; };
		017BA9F72C33444C006E2721 /* MapView.swift in Sources */ = {isa = PBXBuildFile; fileRef = 017BA9F62C33444C006E2721 /* MapView.swift */; };
/* End PBXBuildFile section */

/* Begin PBXFileReference section */
		013428B62C34972500D67EB4 /* Landmark.swift */ = {isa = PBXFileReference; lastKnownFileType = sourcecode.swift; path = Landmark.swift; sourceTree = "<group>"; };
		013428B82C34976600D67EB4 /* ModelData.swift */ = {isa = PBXFileReference; lastKnownFileType = sourcecode.swift; path = ModelData.swift; sourceTree = "<group>"; };
		013428BA2C3497E600D67EB4 /* LandmarkRow.swift */ = {isa = PBXFileReference; lastKnownFileType = sourcecode.swift; path = LandmarkRow.swift; sourceTree = "<group>"; };
		013428BC2C34992900D67EB4 /* LandmarkList.swift */ = {isa = PBXFileReference; lastKnownFileType = sourcecode.swift; path = LandmarkList.swift; sourceTree = "<group>"; };
		013428BE2C349A4300D67EB4 /* LandmarkDetail.swift */ = {isa = PBXFileReference; lastKnownFileType = sourcecode.swift; path = LandmarkDetail.swift; sourceTree = "<group>"; };
		017992662C35F32C004DDE76 /* landmarkData.json */ = {isa = PBXFileReference; fileEncoding = 4; lastKnownFileType = text.json; path = landmarkData.json; sourceTree = "<group>"; };
		017992692C35F886004DDE76 /* FavoriteButton.swift */ = {isa = PBXFileReference; lastKnownFileType = sourcecode.swift; path = FavoriteButton.swift; sourceTree = "<group>"; };
		017BA9C32C2DE3F5006E2721 /* Landmark-Model.app */ = {isa = PBXFileReference; explicitFileType = wrapper.application; includeInIndex = 0; path = "Landmark-Model.app"; sourceTree = BUILT_PRODUCTS_DIR; };
		017BA9C62C2DE3F5006E2721 /* Landmark_ModelApp.swift */ = {isa = PBXFileReference; lastKnownFileType = sourcecode.swift; path = Landmark_ModelApp.swift; sourceTree = "<group>"; };
		017BA9C82C2DE3F5006E2721 /* ContentView.swift */ = {isa = PBXFileReference; lastKnownFileType = sourcecode.swift; path = ContentView.swift; sourceTree = "<group>"; };
		017BA9CA2C2DE3F6006E2721 /* Assets.xcassets */ = {isa = PBXFileReference; lastKnownFileType = folder.assetcatalog; path = Assets.xcassets; sourceTree = "<group>"; };
		017BA9CD2C2DE3F6006E2721 /* Preview Assets.xcassets */ = {isa = PBXFileReference; lastKnownFileType = folder.assetcatalog; path = "Preview Assets.xcassets"; sourceTree = "<group>"; };
		017BA9DA2C2DE61A006E2721 /* icybay@2x.jpg */ = {isa = PBXFileReference; lastKnownFileType = image.jpeg; path = "icybay@2x.jpg"; sourceTree = "<group>"; };
		017BA9DB2C2DE61A006E2721 /* chincoteague@2x.jpg */ = {isa = PBXFileReference; lastKnownFileType = image.jpeg; path = "chincoteague@2x.jpg"; sourceTree = "<group>"; };
		017BA9DC2C2DE61A006E2721 /* silversalmoncreek@2x.jpg */ = {isa = PBXFileReference; lastKnownFileType = image.jpeg; path = "silversalmoncreek@2x.jpg"; sourceTree = "<group>"; };
		017BA9DD2C2DE61A006E2721 /* umbagog@2x.jpg */ = {isa = PBXFileReference; lastKnownFileType = image.jpeg; path = "umbagog@2x.jpg"; sourceTree = "<group>"; };
		017BA9DE2C2DE61A006E2721 /* chilkoottrail@2x.jpg */ = {isa = PBXFileReference; lastKnownFileType = image.jpeg; path = "chilkoottrail@2x.jpg"; sourceTree = "<group>"; };
		017BA9DF2C2DE61A006E2721 /* lakemcdonald@2x.jpg */ = {isa = PBXFileReference; lastKnownFileType = image.jpeg; path = "lakemcdonald@2x.jpg"; sourceTree = "<group>"; };
		017BA9E02C2DE61A006E2721 /* hiddenlake@2x.jpg */ = {isa = PBXFileReference; lastKnownFileType = image.jpeg; path = "hiddenlake@2x.jpg"; sourceTree = "<group>"; };
		017BA9E12C2DE61A006E2721 /* charleyrivers@2x.jpg */ = {isa = PBXFileReference; lastKnownFileType = image.jpeg; path = "charleyrivers@2x.jpg"; sourceTree = "<group>"; };
		017BA9E22C2DE61A006E2721 /* twinlake@2x.jpg */ = {isa = PBXFileReference; lastKnownFileType = image.jpeg; path = "twinlake@2x.jpg"; sourceTree = "<group>"; };
		017BA9E32C2DE61A006E2721 /* rainbowlake@2x.jpg */ = {isa = PBXFileReference; lastKnownFileType = image.jpeg; path = "rainbowlake@2x.jpg"; sourceTree = "<group>"; };
		017BA9E42C2DE61A006E2721 /* stmarylake@2x.jpg */ = {isa = PBXFileReference; lastKnownFileType = image.jpeg; path = "stmarylake@2x.jpg"; sourceTree = "<group>"; };
		017BA9F22C33440A006E2721 /* turtlerock@2x.jpg */ = {isa = PBXFileReference; lastKnownFileType = image.jpeg; path = "turtlerock@2x.jpg"; sourceTree = "<group>"; };
		017BA9F42C334443006E2721 /* CircleImage.swift */ = {isa = PBXFileReference; fileEncoding = 4; lastKnownFileType = sourcecode.swift; path = CircleImage.swift; sourceTree = "<group>"; };
		017BA9F62C33444C006E2721 /* MapView.swift */ = {isa = PBXFileReference; fileEncoding = 4; lastKnownFileType = sourcecode.swift; path = MapView.swift; sourceTree = "<group>"; };
/* End PBXFileReference section */

/* Begin PBXFrameworksBuildPhase section */
		017BA9C02C2DE3F5006E2721 /* Frameworks */ = {
			isa = PBXFrameworksBuildPhase;
			buildActionMask = 2147483647;
			files = (
			);
			runOnlyForDeploymentPostprocessing = 0;
		};
/* End PBXFrameworksBuildPhase section */

/* Begin PBXGroup section */
		0179926B2C35F953004DDE76 /* Landmarks */ = {
			isa = PBXGroup;
			children = (
				013428BC2C34992900D67EB4 /* LandmarkList.swift */,
				013428BA2C3497E600D67EB4 /* LandmarkRow.swift */,
				013428BE2C349A4300D67EB4 /* LandmarkDetail.swift */,
			);
			path = Landmarks;
			sourceTree = "<group>";
		};
		0179926C2C35F975004DDE76 /* Helper */ = {
			isa = PBXGroup;
			children = (
				017BA9F42C334443006E2721 /* CircleImage.swift */,
				017BA9F62C33444C006E2721 /* MapView.swift */,
				017992692C35F886004DDE76 /* FavoriteButton.swift */,
			);
			path = Helper;
			sourceTree = "<group>";
		};
		017BA9BA2C2DE3F5006E2721 = {
			isa = PBXGroup;
			children = (
				017BA9C52C2DE3F5006E2721 /* Landmark-Model */,
				017BA9C42C2DE3F5006E2721 /* Products */,
			);
			sourceTree = "<group>";
		};
		017BA9C42C2DE3F5006E2721 /* Products */ = {
			isa = PBXGroup;
			children = (
				017BA9C32C2DE3F5006E2721 /* Landmark-Model.app */,
			);
			name = Products;
			sourceTree = "<group>";
		};
		017BA9C52C2DE3F5006E2721 /* Landmark-Model */ = {
			isa = PBXGroup;
			children = (
				017BA9F82C334920006E2721 /* Views */,
				017BA9FA2C334999006E2721 /* Resources */,
				017BA9F92C334966006E2721 /* Model */,
				017BA9CA2C2DE3F6006E2721 /* Assets.xcassets */,
				017BA9C62C2DE3F5006E2721 /* Landmark_ModelApp.swift */,
				017BA9CC2C2DE3F6006E2721 /* Preview Content */,
			);
			path = "Landmark-Model";
			sourceTree = "<group>";
		};
		017BA9CC2C2DE3F6006E2721 /* Preview Content */ = {
			isa = PBXGroup;
			children = (
				017BA9CD2C2DE3F6006E2721 /* Preview Assets.xcassets */,
				017BA9F22C33440A006E2721 /* turtlerock@2x.jpg */,
				017BA9E12C2DE61A006E2721 /* charleyrivers@2x.jpg */,
				017BA9DE2C2DE61A006E2721 /* chilkoottrail@2x.jpg */,
				017BA9DB2C2DE61A006E2721 /* chincoteague@2x.jpg */,
				017BA9E02C2DE61A006E2721 /* hiddenlake@2x.jpg */,
				017BA9DA2C2DE61A006E2721 /* icybay@2x.jpg */,
				017BA9DF2C2DE61A006E2721 /* lakemcdonald@2x.jpg */,
				017BA9E32C2DE61A006E2721 /* rainbowlake@2x.jpg */,
				017BA9DC2C2DE61A006E2721 /* silversalmoncreek@2x.jpg */,
				017BA9E42C2DE61A006E2721 /* stmarylake@2x.jpg */,
				017BA9E22C2DE61A006E2721 /* twinlake@2x.jpg */,
				017BA9DD2C2DE61A006E2721 /* umbagog@2x.jpg */,
			);
			path = "Preview Content";
			sourceTree = "<group>";
		};
		017BA9F82C334920006E2721 /* Views */ = {
			isa = PBXGroup;
			children = (
				017BA9C82C2DE3F5006E2721 /* ContentView.swift */,
				0179926B2C35F953004DDE76 /* Landmarks */,
				0179926C2C35F975004DDE76 /* Helper */,
			);
			path = Views;
			sourceTree = "<group>";
		};
		017BA9F92C334966006E2721 /* Model */ = {
			isa = PBXGroup;
			children = (
				013428B62C34972500D67EB4 /* Landmark.swift */,
				013428B82C34976600D67EB4 /* ModelData.swift */,
			);
			path = Model;
			sourceTree = "<group>";
		};
		017BA9FA2C334999006E2721 /* Resources */ = {
			isa = PBXGroup;
			children = (
				017992662C35F32C004DDE76 /* landmarkData.json */,
			);
			path = Resources;
			sourceTree = "<group>";
		};
/* End PBXGroup section */

/* Begin PBXNativeTarget section */
		017BA9C22C2DE3F5006E2721 /* Landmark-Model */ = {
			isa = PBXNativeTarget;
			buildConfigurationList = 017BA9D12C2DE3F6006E2721 /* Build configuration list for PBXNativeTarget "Landmark-Model" */;
			buildPhases = (
				017BA9BF2C2DE3F5006E2721 /* Sources */,
				017BA9C02C2DE3F5006E2721 /* Frameworks */,
				017BA9C12C2DE3F5006E2721 /* Resources */,
			);
			buildRules = (
			);
			dependencies = (
			);
			name = "Landmark-Model";
			productName = "Landmark-Model";
			productReference = 017BA9C32C2DE3F5006E2721 /* Landmark-Model.app */;
			productType = "com.apple.product-type.application";
		};
/* End PBXNativeTarget section */

/* Begin PBXProject section */
		017BA9BB2C2DE3F5006E2721 /* Project object */ = {
			isa = PBXProject;
			attributes = {
				BuildIndependentTargetsInParallel = 1;
				LastSwiftUpdateCheck = 1540;
				LastUpgradeCheck = 1540;
				TargetAttributes = {
					017BA9C22C2DE3F5006E2721 = {
						CreatedOnToolsVersion = 15.4;
					};
				};
			};
			buildConfigurationList = 017BA9BE2C2DE3F5006E2721 /* Build configuration list for PBXProject "Landmark-Model" */;
			compatibilityVersion = "Xcode 14.0";
			developmentRegion = en;
			hasScannedForEncodings = 0;
			knownRegions = (
				en,
				Base,
			);
			mainGroup = 017BA9BA2C2DE3F5006E2721;
			productRefGroup = 017BA9C42C2DE3F5006E2721 /* Products */;
			projectDirPath = "";
			projectRoot = "";
			targets = (
				017BA9C22C2DE3F5006E2721 /* Landmark-Model */,
			);
		};
/* End PBXProject section */

/* Begin PBXResourcesBuildPhase section */
		017BA9C12C2DE3F5006E2721 /* Resources */ = {
			isa = PBXResourcesBuildPhase;
			buildActionMask = 2147483647;
			files = (
				017BA9CE2C2DE3F6006E2721 /* Preview Assets.xcassets in Resources */,
				017BA9EB2C2DE61A006E2721 /* hiddenlake@2x.jpg in Resources */,
				017BA9CB2C2DE3F6006E2721 /* Assets.xcassets in Resources */,
				017BA9ED2C2DE61A006E2721 /* twinlake@2x.jpg in Resources */,
				017BA9EA2C2DE61A006E2721 /* lakemcdonald@2x.jpg in Resources */,
				017BA9EF2C2DE61A006E2721 /* stmarylake@2x.jpg in Resources */,
				017BA9E82C2DE61A006E2721 /* umbagog@2x.jpg in Resources */,
				017BA9EE2C2DE61A006E2721 /* rainbowlake@2x.jpg in Resources */,
				017992682C35F425004DDE76 /* landmarkData.json in Resources */,
				017BA9E72C2DE61A006E2721 /* silversalmoncreek@2x.jpg in Resources */,
				017BA9F32C33440A006E2721 /* turtlerock@2x.jpg in Resources */,
				017BA9E62C2DE61A006E2721 /* chincoteague@2x.jpg in Resources */,
				017BA9EC2C2DE61A006E2721 /* charleyrivers@2x.jpg in Resources */,
				017BA9E92C2DE61A006E2721 /* chilkoottrail@2x.jpg in Resources */,
				017BA9E52C2DE61A006E2721 /* icybay@2x.jpg in Resources */,
			);
			runOnlyForDeploymentPostprocessing = 0;
		};
/* End PBXResourcesBuildPhase section */

/* Begin PBXSourcesBuildPhase section */
		017BA9BF2C2DE3F5006E2721 /* Sources */ = {
			isa = PBXSourcesBuildPhase;
			buildActionMask = 2147483647;
			files = (
				017BA9C92C2DE3F5006E2721 /* ContentView.swift in Sources */,
				017BA9F72C33444C006E2721 /* MapView.swift in Sources */,
				017BA9C72C2DE3F5006E2721 /* Landmark_ModelApp.swift in Sources */,
				0179926A2C35F886004DDE76 /* FavoriteButton.swift in Sources */,
				013428BD2C34992900D67EB4 /* LandmarkList.swift in Sources */,
				017BA9F52C334443006E2721 /* CircleImage.swift in Sources */,
				013428B72C34972500D67EB4 /* Landmark.swift in Sources */,
				013428BB2C3497E600D67EB4 /* LandmarkRow.swift in Sources */,
				0179926D2C35F9BA004DDE76 /* LandmarkDetail.swift in Sources */,
				013428B92C34976600D67EB4 /* ModelData.swift in Sources */,
			);
			runOnlyForDeploymentPostprocessing = 0;
		};
/* End PBXSourcesBuildPhase section */

/* Begin XCBuildConfiguration section */
		017BA9CF2C2DE3F6006E2721 /* Debug */ = {
			isa = XCBuildConfiguration;
			buildSettings = {
				ALWAYS_SEARCH_USER_PATHS = NO;
				ASSETCATALOG_COMPILER_GENERATE_SWIFT_ASSET_SYMBOL_EXTENSIONS = YES;
				CLANG_ANALYZER_NONNULL = YES;
				CLANG_ANALYZER_NUMBER_OBJECT_CONVERSION = YES_AGGRESSIVE;
				CLANG_CXX_LANGUAGE_STANDARD = "gnu++20";
				CLANG_ENABLE_MODULES = YES;
				CLANG_ENABLE_OBJC_ARC = YES;
				CLANG_ENABLE_OBJC_WEAK = YES;
				CLANG_WARN_BLOCK_CAPTURE_AUTORELEASING = YES;
				CLANG_WARN_BOOL_CONVERSION = YES;
				CLANG_WARN_COMMA = YES;
				CLANG_WARN_CONSTANT_CONVERSION = YES;
				CLANG_WARN_DEPRECATED_OBJC_IMPLEMENTATIONS = YES;
				CLANG_WARN_DIRECT_OBJC_ISA_USAGE = YES_ERROR;
				CLANG_WARN_DOCUMENTATION_COMMENTS = YES;
				CLANG_WARN_EMPTY_BODY = YES;
				CLANG_WARN_ENUM_CONVERSION = YES;
				CLANG_WARN_INFINITE_RECURSION = YES;
				CLANG_WARN_INT_CONVERSION = YES;
				CLANG_WARN_NON_LITERAL_NULL_CONVERSION = YES;
				CLANG_WARN_OBJC_IMPLICIT_RETAIN_SELF = YES;
				CLANG_WARN_OBJC_LITERAL_CONVERSION = YES;
				CLANG_WARN_OBJC_ROOT_CLASS = YES_ERROR;
				CLANG_WARN_QUOTED_INCLUDE_IN_FRAMEWORK_HEADER = YES;
				CLANG_WARN_RANGE_LOOP_ANALYSIS = YES;
				CLANG_WARN_STRICT_PROTOTYPES = YES;
				CLANG_WARN_SUSPICIOUS_MOVE = YES;
				CLANG_WARN_UNGUARDED_AVAILABILITY = YES_AGGRESSIVE;
				CLANG_WARN_UNREACHABLE_CODE = YES;
				CLANG_WARN__DUPLICATE_METHOD_MATCH = YES;
				COPY_PHASE_STRIP = NO;
				DEBUG_INFORMATION_FORMAT = dwarf;
				ENABLE_STRICT_OBJC_MSGSEND = YES;
				ENABLE_TESTABILITY = YES;
				ENABLE_USER_SCRIPT_SANDBOXING = YES;
				GCC_C_LANGUAGE_STANDARD = gnu17;
				GCC_DYNAMIC_NO_PIC = NO;
				GCC_NO_COMMON_BLOCKS = YES;
				GCC_OPTIMIZATION_LEVEL = 0;
				GCC_PREPROCESSOR_DEFINITIONS = (
					"DEBUG=1",
					"$(inherited)",
				);
				GCC_WARN_64_TO_32_BIT_CONVERSION = YES;
				GCC_WARN_ABOUT_RETURN_TYPE = YES_ERROR;
				GCC_WARN_UNDECLARED_SELECTOR = YES;
				GCC_WARN_UNINITIALIZED_AUTOS = YES_AGGRESSIVE;
				GCC_WARN_UNUSED_FUNCTION = YES;
				GCC_WARN_UNUSED_VARIABLE = YES;
				IPHONEOS_DEPLOYMENT_TARGET = 17.5;
				LOCALIZATION_PREFERS_STRING_CATALOGS = YES;
				MTL_ENABLE_DEBUG_INFO = INCLUDE_SOURCE;
				MTL_FAST_MATH = YES;
				ONLY_ACTIVE_ARCH = YES;
				SDKROOT = iphoneos;
				SWIFT_ACTIVE_COMPILATION_CONDITIONS = "DEBUG $(inherited)";
				SWIFT_OPTIMIZATION_LEVEL = "-Onone";
			};
			name = Debug;
		};
		017BA9D02C2DE3F6006E2721 /* Release */ = {
			isa = XCBuildConfiguration;
			buildSettings = {
				ALWAYS_SEARCH_USER_PATHS = NO;
				ASSETCATALOG_COMPILER_GENERATE_SWIFT_ASSET_SYMBOL_EXTENSIONS = YES;
				CLANG_ANALYZER_NONNULL = YES;
				CLANG_ANALYZER_NUMBER_OBJECT_CONVERSION = YES_AGGRESSIVE;
				CLANG_CXX_LANGUAGE_STANDARD = "gnu++20";
				CLANG_ENABLE_MODULES = YES;
				CLANG_ENABLE_OBJC_ARC = YES;
				CLANG_ENABLE_OBJC_WEAK = YES;
				CLANG_WARN_BLOCK_CAPTURE_AUTORELEASING = YES;
				CLANG_WARN_BOOL_CONVERSION = YES;
				CLANG_WARN_COMMA = YES;
				CLANG_WARN_CONSTANT_CONVERSION = YES;
				CLANG_WARN_DEPRECATED_OBJC_IMPLEMENTATIONS = YES;
				CLANG_WARN_DIRECT_OBJC_ISA_USAGE = YES_ERROR;
				CLANG_WARN_DOCUMENTATION_COMMENTS = YES;
				CLANG_WARN_EMPTY_BODY = YES;
				CLANG_WARN_ENUM_CONVERSION = YES;
				CLANG_WARN_INFINITE_RECURSION = YES;
				CLANG_WARN_INT_CONVERSION = YES;
				CLANG_WARN_NON_LITERAL_NULL_CONVERSION = YES;
				CLANG_WARN_OBJC_IMPLICIT_RETAIN_SELF = YES;
				CLANG_WARN_OBJC_LITERAL_CONVERSION = YES;
				CLANG_WARN_OBJC_ROOT_CLASS = YES_ERROR;
				CLANG_WARN_QUOTED_INCLUDE_IN_FRAMEWORK_HEADER = YES;
				CLANG_WARN_RANGE_LOOP_ANALYSIS = YES;
				CLANG_WARN_STRICT_PROTOTYPES = YES;
				CLANG_WARN_SUSPICIOUS_MOVE = YES;
				CLANG_WARN_UNGUARDED_AVAILABILITY = YES_AGGRESSIVE;
				CLANG_WARN_UNREACHABLE_CODE = YES;
				CLANG_WARN__DUPLICATE_METHOD_MATCH = YES;
				COPY_PHASE_STRIP = NO;
				DEBUG_INFORMATION_FORMAT = "dwarf-with-dsym";
				ENABLE_NS_ASSERTIONS = NO;
				ENABLE_STRICT_OBJC_MSGSEND = YES;
				ENABLE_USER_SCRIPT_SANDBOXING = YES;
				GCC_C_LANGUAGE_STANDARD = gnu17;
				GCC_NO_COMMON_BLOCKS = YES;
				GCC_WARN_64_TO_32_BIT_CONVERSION = YES;
				GCC_WARN_ABOUT_RETURN_TYPE = YES_ERROR;
				GCC_WARN_UNDECLARED_SELECTOR = YES;
				GCC_WARN_UNINITIALIZED_AUTOS = YES_AGGRESSIVE;
				GCC_WARN_UNUSED_FUNCTION = YES;
				GCC_WARN_UNUSED_VARIABLE = YES;
				IPHONEOS_DEPLOYMENT_TARGET = 17.5;
				LOCALIZATION_PREFERS_STRING_CATALOGS = YES;
				MTL_ENABLE_DEBUG_INFO = NO;
				MTL_FAST_MATH = YES;
				SDKROOT = iphoneos;
				SWIFT_COMPILATION_MODE = wholemodule;
				VALIDATE_PRODUCT = YES;
			};
			name = Release;
		};
		017BA9D22C2DE3F6006E2721 /* Debug */ = {
			isa = XCBuildConfiguration;
			buildSettings = {
				ASSETCATALOG_COMPILER_APPICON_NAME = AppIcon;
				ASSETCATALOG_COMPILER_GLOBAL_ACCENT_COLOR_NAME = AccentColor;
				CODE_SIGN_STYLE = Automatic;
				CURRENT_PROJECT_VERSION = 1;
				DEVELOPMENT_ASSET_PATHS = "\"Landmark-Model/Preview Content\"";
				ENABLE_PREVIEWS = YES;
				GENERATE_INFOPLIST_FILE = YES;
				INFOPLIST_KEY_UIApplicationSceneManifest_Generation = YES;
				INFOPLIST_KEY_UIApplicationSupportsIndirectInputEvents = YES;
				INFOPLIST_KEY_UILaunchScreen_Generation = YES;
				INFOPLIST_KEY_UISupportedInterfaceOrientations_iPad = "UIInterfaceOrientationPortrait UIInterfaceOrientationPortraitUpsideDown UIInterfaceOrientationLandscapeLeft UIInterfaceOrientationLandscapeRight";
				INFOPLIST_KEY_UISupportedInterfaceOrientations_iPhone = "UIInterfaceOrientationPortrait UIInterfaceOrientationLandscapeLeft UIInterfaceOrientationLandscapeRight";
				LD_RUNPATH_SEARCH_PATHS = (
					"$(inherited)",
					"@executable_path/Frameworks",
				);
				MARKETING_VERSION = 1.0;
				PRODUCT_BUNDLE_IDENTIFIER = "Tomsz24.Landmark-Model";
				PRODUCT_NAME = "$(TARGET_NAME)";
				SWIFT_EMIT_LOC_STRINGS = YES;
				SWIFT_VERSION = 5.0;
				TARGETED_DEVICE_FAMILY = "1,2";
			};
			name = Debug;
		};
		017BA9D32C2DE3F6006E2721 /* Release */ = {
			isa = XCBuildConfiguration;
			buildSettings = {
				ASSETCATALOG_COMPILER_APPICON_NAME = AppIcon;
				ASSETCATALOG_COMPILER_GLOBAL_ACCENT_COLOR_NAME = AccentColor;
				CODE_SIGN_STYLE = Automatic;
				CURRENT_PROJECT_VERSION = 1;
				DEVELOPMENT_ASSET_PATHS = "\"Landmark-Model/Preview Content\"";
				ENABLE_PREVIEWS = YES;
				GENERATE_INFOPLIST_FILE = YES;
				INFOPLIST_KEY_UIApplicationSceneManifest_Generation = YES;
				INFOPLIST_KEY_UIApplicationSupportsIndirectInputEvents = YES;
				INFOPLIST_KEY_UILaunchScreen_Generation = YES;
				INFOPLIST_KEY_UISupportedInterfaceOrientations_iPad = "UIInterfaceOrientationPortrait UIInterfaceOrientationPortraitUpsideDown UIInterfaceOrientationLandscapeLeft UIInterfaceOrientationLandscapeRight";
				INFOPLIST_KEY_UISupportedInterfaceOrientations_iPhone = "UIInterfaceOrientationPortrait UIInterfaceOrientationLandscapeLeft UIInterfaceOrientationLandscapeRight";
				LD_RUNPATH_SEARCH_PATHS = (
					"$(inherited)",
					"@executable_path/Frameworks",
				);
				MARKETING_VERSION = 1.0;
				PRODUCT_BUNDLE_IDENTIFIER = "Tomsz24.Landmark-Model";
				PRODUCT_NAME = "$(TARGET_NAME)";
				SWIFT_EMIT_LOC_STRINGS = YES;
				SWIFT_VERSION = 5.0;
				TARGETED_DEVICE_FAMILY = "1,2";
			};
			name = Release;
		};
/* End XCBuildConfiguration section */

/* Begin XCConfigurationList section */
		017BA9BE2C2DE3F5006E2721 /* Build configuration list for PBXProject "Landmark-Model" */ = {
			isa = XCConfigurationList;
			buildConfigurations = (
				017BA9CF2C2DE3F6006E2721 /* Debug */,
				017BA9D02C2DE3F6006E2721 /* Release */,
			);
			defaultConfigurationIsVisible = 0;
			defaultConfigurationName = Release;
		};
		017BA9D12C2DE3F6006E2721 /* Build configuration list for PBXNativeTarget "Landmark-Model" */ = {
			isa = XCConfigurationList;
			buildConfigurations = (
				017BA9D22C2DE3F6006E2721 /* Debug */,
				017BA9D32C2DE3F6006E2721 /* Release */,
			);
			defaultConfigurationIsVisible = 0;
			defaultConfigurationName = Release;
		};
/* End XCConfigurationList section */
	};
	rootObject = 017BA9BB2C2DE3F5006E2721 /* Project object */;
}
